<Solution>
  <Project Path="CourseHub.Application/CourseHub.Application.csproj" />
  <Project Path="CourseHub.Domain/CourseHub.Domain.csproj" />
  <Project Path="CourseHub.Infrastructure/CourseHub.Infrastructure.csproj" />
  <Project Path="CourseHub.Web/coursehub.web.esproj">
    <Build />
    <Deploy />
  </Project>
  <Project Path="Presentation.API/CourseHub.Presentation.API.csproj" />
</Solution>
